{
  "name": "dstable",
  "version": "1.0.0",
  "lockfileVersion": 3,
  "requires": true,
  "packages": {
    "": {
      "name": "dstable",
      "version": "1.0.0",
      "license": "ISC",
      "dependencies": {
        "@semaphore-protocol/contracts": "^4.9.0"
      }
    },
    "node_modules/@semaphore-protocol/contracts": {
      "version": "4.9.0",
      "resolved": "https://registry.npmjs.org/@semaphore-protocol/contracts/-/contracts-4.9.0.tgz",
      "integrity": "sha512-gOIG2VLWR5AX7a1lm/WcHcscNmJgDEzQNfJYEWg8xqpr+9h4AYlneGdjHYx3/zn5HbGHN7Qw2dlLMskOP9hjgQ==",
      "dependencies": {
        "@zk-kit/lean-imt.sol": "2.0.0"
      }
    },
    "node_modules/@zk-kit/lean-imt.sol": {
      "version": "2.0.0",
      "resolved": "https://registry.npmjs.org/@zk-kit/lean-imt.sol/-/lean-imt.sol-2.0.0.tgz",
      "integrity": "sha512-e9pAm+IXveLPy7b1h05ipIo6U44vp8g/2E+Ocx3PIloMu7lgTXFkIeZj/qZ/iLgEMsF74T0dsg7aVIT0B0nsDA==",
      "dependencies": {
        "poseidon-solidity": "0.0.5"
      }
    },
    "node_modules/poseidon-solidity": {
      "version": "0.0.5",
      "resolved": "https://registry.npmjs.org/poseidon-solidity/-/poseidon-solidity-0.0.5.tgz",
      "integrity": "sha512-NzrvSwHzvZgT4hvg2GyGqeR+UOU/eLSEt4wAoXEua+VaR7NTKKwx1X9bPlh1VMBEVEno+IWvkRBbidFGzTeAqQ=="
    }
  }
}
